
Microsoft Visual Studio Solution File, Format Version 12.00
# Visual Studio Version 17
VisualStudioVersion = 17.1.32328.378
MinimumVisualStudioVersion = 10.0.40219.1
Project("{FAE04EC0-301F-11D3-BF4B-00C04F79EFBC}") = "TIC_TAC_TOE", "TIC_TAC_TOE\TIC_TAC_TOE.csproj", "{6278A083-32B5-4FBE-ADBC-3A19BA103AC1}"
EndProject
Global
	GlobalSection(SolutionConfigurationPlatforms) = preSolution
		Debug|Any CPU = Debug|Any CPU
		Release|Any CPU = Release|Any CPU
	EndGlobalSection
	GlobalSection(ProjectConfigurationPlatforms) = postSolution
		{6278A083-32B5-4FBE-ADBC-3A19BA103AC1}.Debug|Any CPU.ActiveCfg = Debug|Any CPU
		{6278A083-32B5-4FBE-ADBC-3A19BA103AC1}.Debug|Any CPU.Build.0 = Debug|Any CPU
		{6278A083-32B5-4FBE-ADBC-3A19BA103AC1}.Release|Any CPU.ActiveCfg = Release|Any CPU
		{6278A083-32B5-4FBE-ADBC-3A19BA103AC1}.Release|Any CPU.Build.0 = Release|Any CPU
	EndGlobalSection
	GlobalSection(SolutionProperties) = preSolution
		HideSolutionNode = FALSE
	EndGlobalSection
	GlobalSection(ExtensibilityGlobals) = postSolution
		SolutionGuid = {5C339826-4F21-427F-965E-D43CE89ADB34}
	EndGlobalSection
EndGlobal
